// !$*UTF8*$!
{
	archiveVersion = 1;
	classes = {
	};
	objectVersion = 48;
	objects = {

/* Begin PBXBuildFile section */
		EC6203EC1FD79B7C0025A787 /* AppDelegate.swift in Sources */ = {isa = PBXBuildFile; fileRef = EC6203EB1FD79B7C0025A787 /* AppDelegate.swift */; };
		EC6203EE1FD79B7C0025A787 /* ViewController.swift in Sources */ = {isa = PBXBuildFile; fileRef = EC6203ED1FD79B7C0025A787 /* ViewController.swift */; };
		EC6203F11FD79B7C0025A787 /* Main.storyboard in Resources */ = {isa = PBXBuildFile; fileRef = EC6203EF1FD79B7C0025A787 /* Main.storyboard */; };
		EC6203F31FD79B7C0025A787 /* Assets.xcassets in Resources */ = {isa = PBXBuildFile; fileRef = EC6203F21FD79B7C0025A787 /* Assets.xcassets */; };
		EC6203F61FD79B7C0025A787 /* LaunchScreen.storyboard in Resources */ = {isa = PBXBuildFile; fileRef = EC6203F41FD79B7C0025A787 /* LaunchScreen.storyboard */; };
		EC6203FE1FD79B9B0025A787 /* Line.swift in Sources */ = {isa = PBXBuildFile; fileRef = EC6203FD1FD79B9B0025A787 /* Line.swift */; };
		EC6204001FD79BC30025A787 /* DrawView.swift in Sources */ = {isa = PBXBuildFile; fileRef = EC6203FF1FD79BC30025A787 /* DrawView.swift */; };
/* End PBXBuildFile section */

/* Begin PBXFileReference section */
		EC6203E81FD79B7C0025A787 /* DrawApp.app */ = {isa = PBXFileReference; explicitFileType = wrapper.application; includeInIndex = 0; path = DrawApp.app; sourceTree = BUILT_PRODUCTS_DIR; };
		EC6203EB1FD79B7C0025A787 /* AppDelegate.swift */ = {isa = PBXFileReference; lastKnownFileType = sourcecode.swift; path = AppDelegate.swift; sourceTree = "<group>"; };
		EC6203ED1FD79B7C0025A787 /* ViewController.swift */ = {isa = PBXFileReference; lastKnownFileType = sourcecode.swift; path = ViewController.swift; sourceTree = "<group>"; };
		EC6203F01FD79B7C0025A787 /* Base */ = {isa = PBXFileReference; lastKnownFileType = file.storyboard; name = Base; path = Base.lproj/Main.storyboard; sourceTree = "<group>"; };
		EC6203F21FD79B7C0025A787 /* Assets.xcassets */ = {isa = PBXFileReference; lastKnownFileType = folder.assetcatalog; path = Assets.xcassets; sourceTree = "<group>"; };
		EC6203F51FD79B7C0025A787 /* Base */ = {isa = PBXFileReference; lastKnownFileType = file.storyboard; name = Base; path = Base.lproj/LaunchScreen.storyboard; sourceTree = "<group>"; };
		EC6203F71FD79B7D0025A787 /* Info.plist */ = {isa = PBXFileReference; lastKnownFileType = text.plist.xml; path = Info.plist; sourceTree = "<group>"; };
		EC6203FD1FD79B9B0025A787 /* Line.swift */ = {isa = PBXFileReference; lastKnownFileType = sourcecode.swift; path = Line.swift; sourceTree = "<group>"; };
		EC6203FF1FD79BC30025A787 /* DrawView.swift */ = {isa = PBXFileReference; lastKnownFileType = sourcecode.swift; path = DrawView.swift; sourceTree = "<group>"; };
/* End PBXFileReference section */

/* Begin PBXFrameworksBuildPhase section */
		EC6203E51FD79B7C0025A787 /* Frameworks */ = {
			isa = PBXFrameworksBuildPhase;
			buildActionMask = 2147483647;
			files = (
			);
			runOnlyForDeploymentPostprocessing = 0;
		};
/* End PBXFrameworksBuildPhase section */

/* Begin PBXGroup section */
		EC6203DF1FD79B7C0025A787 = {
			isa = PBXGroup;
			children = (
				EC6203EA1FD79B7C0025A787 /* DrawApp */,
				EC6203E91FD79B7C0025A787 /* Products */,
			);
			sourceTree = "<group>";
		};
		EC6203E91FD79B7C0025A787 /* Products */ = {
			isa = PBXGroup;
			children = (
				EC6203E81FD79B7C0025A787 /* DrawApp.app */,
			);
			name = Products;
			sourceTree = "<group>";
		};
		EC6203EA1FD79B7C0025A787 /* DrawApp */ = {
			isa = PBXGroup;
			children = (
				EC6203EB1FD79B7C0025A787 /* AppDelegate.swift */,
				EC6203ED1FD79B7C0025A787 /* ViewController.swift */,
				EC6203EF1FD79B7C0025A787 /* Main.storyboard */,
				EC6203F21FD79B7C0025A787 /* Assets.xcassets */,
				EC6203F41FD79B7C0025A787 /* LaunchScreen.storyboard */,
				EC6203F71FD79B7D0025A787 /* Info.plist */,
				EC6203FD1FD79B9B0025A787 /* Line.swift */,
				EC6203FF1FD79BC30025A787 /* DrawView.swift */,
			);
			path = DrawApp;
			sourceTree = "<group>";
		};
/* End PBXGroup section */

/* Begin PBXNativeTarget section */
		EC6203E71FD79B7C0025A787 /* DrawApp */ = {
			isa = PBXNativeTarget;
			buildConfigurationList = EC6203FA1FD79B7D0025A787 /* Build configuration list for PBXNativeTarget "DrawApp" */;
			buildPhases = (
				EC6203E41FD79B7C0025A787 /* Sources */,
				EC6203E51FD79B7C0025A787 /* Frameworks */,
				EC6203E61FD79B7C0025A787 /* Resources */,
			);
			buildRules = (
			);
			dependencies = (
			);
			name = DrawApp;
			productName = DrawApp;
			productReference = EC6203E81FD79B7C0025A787 /* DrawApp.app */;
			productType = "com.apple.product-type.application";
		};
/* End PBXNativeTarget section */

/* Begin PBXProject section */
		EC6203E01FD79B7C0025A787 /* Project object */ = {
			isa = PBXProject;
			attributes = {
				LastSwiftUpdateCheck = 0910;
				LastUpgradeCheck = 0910;
				ORGANIZATIONNAME = "BinCloud Solutions Inc";
				TargetAttributes = {
					EC6203E71FD79B7C0025A787 = {
						CreatedOnToolsVersion = 9.1;
						ProvisioningStyle = Automatic;
					};
				};
			};
			buildConfigurationList = EC6203E31FD79B7C0025A787 /* Build configuration list for PBXProject "DrawApp" */;
			compatibilityVersion = "Xcode 8.0";
			developmentRegion = en;
			hasScannedForEncodings = 0;
			knownRegions = (
				en,
				Base,
			);
			mainGroup = EC6203DF1FD79B7C0025A787;
			productRefGroup = EC6203E91FD79B7C0025A787 /* Products */;
			projectDirPath = "";
			projectRoot = "";
			targets = (
				EC6203E71FD79B7C0025A787 /* DrawApp */,
			);
		};
/* End PBXProject section */

/* Begin PBXResourcesBuildPhase section */
		EC6203E61FD79B7C0025A787 /* Resources */ = {
			isa = PBXResourcesBuildPhase;
			buildActionMask = 2147483647;
			files = (
				EC6203F61FD79B7C0025A787 /* LaunchScreen.storyboard in Resources */,
				EC6203F31FD79B7C0025A787 /* Assets.xcassets in Resources */,
				EC6203F11FD79B7C0025A787 /* Main.storyboard in Resources */,
			);
			runOnlyForDeploymentPostprocessing = 0;
		};
/* End PBXResourcesBuildPhase section */

/* Begin PBXSourcesBuildPhase section */
		EC6203E41FD79B7C0025A787 /* Sources */ = {
			isa = PBXSourcesBuildPhase;
			buildActionMask = 2147483647;
			files = (
				EC6203FE1FD79B9B0025A787 /* Line.swift in Sources */,
				EC6203EE1FD79B7C0025A787 /* ViewController.swift in Sources */,
				EC6204001FD79BC30025A787 /* DrawView.swift in Sources */,
				EC6203EC1FD79B7C0025A787 /* AppDelegate.swift in Sources */,
			);
			runOnlyForDeploymentPostprocessing = 0;
		};
/* End PBXSourcesBuildPhase section */

/* Begin PBXVariantGroup section */
		EC6203EF1FD79B7C0025A787 /* Main.storyboard */ = {
			isa = PBXVariantGroup;
			children = (
				EC6203F01FD79B7C0025A787 /* Base */,
			);
			name = Main.storyboard;
			sourceTree = "<group>";
		};
		EC6203F41FD79B7C0025A787 /* LaunchScreen.storyboard */ = {
			isa = PBXVariantGroup;
			children = (
				EC6203F51FD79B7C0025A787 /* Base */,
			);
			name = LaunchScreen.storyboard;
			sourceTree = "<group>";
		};
/* End PBXVariantGroup section */

/* Begin XCBuildConfiguration section */
		EC6203F81FD79B7D0025A787 /* Debug */ = {
			isa = XCBuildConfiguration;
			buildSettings = {
				ALWAYS_SEARCH_USER_PATHS = NO;
				CLANG_ANALYZER_NONNULL = YES;
				CLANG_ANALYZER_NUMBER_OBJECT_CONVERSION = YES_AGGRESSIVE;
				CLANG_CXX_LANGUAGE_STANDARD = "gnu++14";
				CLANG_CXX_LIBRARY = "libc++";
				CLANG_ENABLE_MODULES = YES;
				CLANG_ENABLE_OBJC_ARC = YES;
				CLANG_WARN_BLOCK_CAPTURE_AUTORELEASING = YES;
				CLANG_WARN_BOOL_CONVERSION = YES;
				CLANG_WARN_COMMA = YES;
				CLANG_WARN_CONSTANT_CONVERSION = YES;
				CLANG_WARN_DIRECT_OBJC_ISA_USAGE = YES_ERROR;
				CLANG_WARN_DOCUMENTATION_COMMENTS = YES;
				CLANG_WARN_EMPTY_BODY = YES;
				CLANG_WARN_ENUM_CONVERSION = YES;
				CLANG_WARN_INFINITE_RECURSION = YES;
				CLANG_WARN_INT_CONVERSION = YES;
				CLANG_WARN_NON_LITERAL_NULL_CONVERSION = YES;
				CLANG_WARN_OBJC_LITERAL_CONVERSION = YES;
				CLANG_WARN_OBJC_ROOT_CLASS = YES_ERROR;
				CLANG_WARN_RANGE_LOOP_ANALYSIS = YES;
				CLANG_WARN_STRICT_PROTOTYPES = YES;
				CLANG_WARN_SUSPICIOUS_MOVE = YES;
				CLANG_WARN_UNGUARDED_AVAILABILITY = YES_AGGRESSIVE;
				CLANG_WARN_UNREACHABLE_CODE = YES;
				CLANG_WARN__DUPLICATE_METHOD_MATCH = YES;
				CODE_SIGN_IDENTITY = "iPhone Developer";
				COPY_PHASE_STRIP = NO;
				DEBUG_INFORMATION_FORMAT = dwarf;
				ENABLE_STRICT_OBJC_MSGSEND = YES;
				ENABLE_TESTABILITY = YES;
				GCC_C_LANGUAGE_STANDARD = gnu11;
				GCC_DYNAMIC_NO_PIC = NO;
				GCC_NO_COMMON_BLOCKS = YES;
				GCC_OPTIMIZATION_LEVEL = 0;
				GCC_PREPROCESSOR_DEFINITIONS = (
					"DEBUG=1",
					"$(inherited)",
				);
				GCC_WARN_64_TO_32_BIT_CONVERSION = YES;
				GCC_WARN_ABOUT_RETURN_TYPE = YES_ERROR;
				GCC_WARN_UNDECLARED_SELECTOR = YES;
				GCC_WARN_UNINITIALIZED_AUTOS = YES_AGGRESSIVE;
				GCC_WARN_UNUSED_FUNCTION = YES;
				GCC_WARN_UNUSED_VARIABLE = YES;
				IPHONEOS_DEPLOYMENT_TARGET = 11.1;
				MTL_ENABLE_DEBUG_INFO = YES;
				ONLY_ACTIVE_ARCH = YES;
				SDKROOT = iphoneos;
				SWIFT_ACTIVE_COMPILATION_CONDITIONS = DEBUG;
				SWIFT_OPTIMIZATION_LEVEL = "-Onone";
			};
			name = Debug;
		};
		EC6203F91FD79B7D0025A787 /* Release */ = {
			isa = XCBuildConfiguration;
			buildSettings = {
				ALWAYS_SEARCH_USER_PATHS = NO;
				CLANG_ANALYZER_NONNULL = YES;
				CLANG_ANALYZER_NUMBER_OBJECT_CONVERSION = YES_AGGRESSIVE;
				CLANG_CXX_LANGUAGE_STANDARD = "gnu++14";
				CLANG_CXX_LIBRARY = "libc++";
				CLANG_ENABLE_MODULES = YES;
				CLANG_ENABLE_OBJC_ARC = YES;
				CLANG_WARN_BLOCK_CAPTURE_AUTORELEASING = YES;
				CLANG_WARN_BOOL_CONVERSION = YES;
				CLANG_WARN_COMMA = YES;
				CLANG_WARN_CONSTANT_CONVERSION = YES;
				CLANG_WARN_DIRECT_OBJC_ISA_USAGE = YES_ERROR;
				CLANG_WARN_DOCUMENTATION_COMMENTS = YES;
				CLANG_WARN_EMPTY_BODY = YES;
				CLANG_WARN_ENUM_CONVERSION = YES;
				CLANG_WARN_INFINITE_RECURSION = YES;
				CLANG_WARN_INT_CONVERSION = YES;
				CLANG_WARN_NON_LITERAL_NULL_CONVERSION = YES;
				CLANG_WARN_OBJC_LITERAL_CONVERSION = YES;
				CLANG_WARN_OBJC_ROOT_CLASS = YES_ERROR;
				CLANG_WARN_RANGE_LOOP_ANALYSIS = YES;
				CLANG_WARN_STRICT_PROTOTYPES = YES;
				CLANG_WARN_SUSPICIOUS_MOVE = YES;
				CLANG_WARN_UNGUARDED_AVAILABILITY = YES_AGGRESSIVE;
				CLANG_WARN_UNREACHABLE_CODE = YES;
				CLANG_WARN__DUPLICATE_METHOD_MATCH = YES;
				CODE_SIGN_IDENTITY = "iPhone Developer";
				COPY_PHASE_STRIP = NO;
				DEBUG_INFORMATION_FORMAT = "dwarf-with-dsym";
				ENABLE_NS_ASSERTIONS = NO;
				ENABLE_STRICT_OBJC_MSGSEND = YES;
				GCC_C_LANGUAGE_STANDARD = gnu11;
				GCC_NO_COMMON_BLOCKS = YES;
				GCC_WARN_64_TO_32_BIT_CONVERSION = YES;
				GCC_WARN_ABOUT_RETURN_TYPE = YES_ERROR;
				GCC_WARN_UNDECLARED_SELECTOR = YES;
				GCC_WARN_UNINITIALIZED_AUTOS = YES_AGGRESSIVE;
				GCC_WARN_UNUSED_FUNCTION = YES;
				GCC_WARN_UNUSED_VARIABLE = YES;
				IPHONEOS_DEPLOYMENT_TARGET = 11.1;
				MTL_ENABLE_DEBUG_INFO = NO;
				SDKROOT = iphoneos;
				SWIFT_OPTIMIZATION_LEVEL = "-Owholemodule";
				VALIDATE_PRODUCT = YES;
			};
			name = Release;
		};
		EC6203FB1FD79B7D0025A787 /* Debug */ = {
			isa = XCBuildConfiguration;
			buildSettings = {
				ASSETCATALOG_COMPILER_APPICON_NAME = AppIcon;
				CODE_SIGN_STYLE = Automatic;
				INFOPLIST_FILE = DrawApp/Info.plist;
				LD_RUNPATH_SEARCH_PATHS = "$(inherited) @executable_path/Frameworks";
				PRODUCT_BUNDLE_IDENTIFIER = com.bs.DrawApp;
				PRODUCT_NAME = "$(TARGET_NAME)";
				SWIFT_VERSION = 4.0;
				TARGETED_DEVICE_FAMILY = "1,2";
			};
			name = Debug;
		};
		EC6203FC1FD79B7D0025A787 /* Release */ = {
			isa = XCBuildConfiguration;
			buildSettings = {
				ASSETCATALOG_COMPILER_APPICON_NAME = AppIcon;
				CODE_SIGN_STYLE = Automatic;
				INFOPLIST_FILE = DrawApp/Info.plist;
				LD_RUNPATH_SEARCH_PATHS = "$(inherited) @executable_path/Frameworks";
				PRODUCT_BUNDLE_IDENTIFIER = com.bs.DrawApp;
				PRODUCT_NAME = "$(TARGET_NAME)";
				SWIFT_VERSION = 4.0;
				TARGETED_DEVICE_FAMILY = "1,2";
			};
			name = Release;
		};
/* End XCBuildConfiguration section */

/* Begin XCConfigurationList section */
		EC6203E31FD79B7C0025A787 /* Build configuration list for PBXProject "DrawApp" */ = {
			isa = XCConfigurationList;
			buildConfigurations = (
				EC6203F81FD79B7D0025A787 /* Debug */,
				EC6203F91FD79B7D0025A787 /* Release */,
			);
			defaultConfigurationIsVisible = 0;
			defaultConfigurationName = Release;
		};
		EC6203FA1FD79B7D0025A787 /* Build configuration list for PBXNativeTarget "DrawApp" */ = {
			isa = XCConfigurationList;
			buildConfigurations = (
				EC6203FB1FD79B7D0025A787 /* Debug */,
				EC6203FC1FD79B7D0025A787 /* Release */,
			);
			defaultConfigurationIsVisible = 0;
			defaultConfigurationName = Release;
		};
/* End XCConfigurationList section */
	};
	rootObject = EC6203E01FD79B7C0025A787 /* Project object */;
}
