// !$*UTF8*$!
{
	archiveVersion = 1;
	classes = {
	};
	objectVersion = 50;
	objects = {

/* Begin PBXBuildFile section */
		ECD856DC20E874F700D653B6 /* AppDelegate.swift in Sources */ = {isa = PBXBuildFile; fileRef = ECD856DB20E874F700D653B6 /* AppDelegate.swift */; };
		ECD856DE20E874F700D653B6 /* GameScene.sks in Resources */ = {isa = PBXBuildFile; fileRef = ECD856DD20E874F700D653B6 /* GameScene.sks */; };
		ECD856E020E874F700D653B6 /* Actions.sks in Resources */ = {isa = PBXBuildFile; fileRef = ECD856DF20E874F700D653B6 /* Actions.sks */; };
		ECD856E220E874F700D653B6 /* GameScene.swift in Sources */ = {isa = PBXBuildFile; fileRef = ECD856E120E874F700D653B6 /* GameScene.swift */; };
		ECD856E420E874F700D653B6 /* GameViewController.swift in Sources */ = {isa = PBXBuildFile; fileRef = ECD856E320E874F700D653B6 /* GameViewController.swift */; };
		ECD856E720E874F700D653B6 /* Main.storyboard in Resources */ = {isa = PBXBuildFile; fileRef = ECD856E520E874F700D653B6 /* Main.storyboard */; };
		ECD856E920E874FB00D653B6 /* Assets.xcassets in Resources */ = {isa = PBXBuildFile; fileRef = ECD856E820E874FB00D653B6 /* Assets.xcassets */; };
		ECD856EC20E874FB00D653B6 /* LaunchScreen.storyboard in Resources */ = {isa = PBXBuildFile; fileRef = ECD856EA20E874FB00D653B6 /* LaunchScreen.storyboard */; };
		ECD856F620E87BCB00D653B6 /* Winner.atlas in Resources */ = {isa = PBXBuildFile; fileRef = ECD856F520E87BCB00D653B6 /* Winner.atlas */; };
/* End PBXBuildFile section */

/* Begin PBXFileReference section */
		ECD856D820E874F700D653B6 /* ANIMATION.app */ = {isa = PBXFileReference; explicitFileType = wrapper.application; includeInIndex = 0; path = ANIMATION.app; sourceTree = BUILT_PRODUCTS_DIR; };
		ECD856DB20E874F700D653B6 /* AppDelegate.swift */ = {isa = PBXFileReference; lastKnownFileType = sourcecode.swift; path = AppDelegate.swift; sourceTree = "<group>"; };
		ECD856DD20E874F700D653B6 /* GameScene.sks */ = {isa = PBXFileReference; lastKnownFileType = file.sks; path = GameScene.sks; sourceTree = "<group>"; };
		ECD856DF20E874F700D653B6 /* Actions.sks */ = {isa = PBXFileReference; lastKnownFileType = file.sks; path = Actions.sks; sourceTree = "<group>"; };
		ECD856E120E874F700D653B6 /* GameScene.swift */ = {isa = PBXFileReference; lastKnownFileType = sourcecode.swift; path = GameScene.swift; sourceTree = "<group>"; };
		ECD856E320E874F700D653B6 /* GameViewController.swift */ = {isa = PBXFileReference; lastKnownFileType = sourcecode.swift; path = GameViewController.swift; sourceTree = "<group>"; };
		ECD856E620E874F700D653B6 /* Base */ = {isa = PBXFileReference; lastKnownFileType = file.storyboard; name = Base; path = Base.lproj/Main.storyboard; sourceTree = "<group>"; };
		ECD856E820E874FB00D653B6 /* Assets.xcassets */ = {isa = PBXFileReference; lastKnownFileType = folder.assetcatalog; path = Assets.xcassets; sourceTree = "<group>"; };
		ECD856EB20E874FB00D653B6 /* Base */ = {isa = PBXFileReference; lastKnownFileType = file.storyboard; name = Base; path = Base.lproj/LaunchScreen.storyboard; sourceTree = "<group>"; };
		ECD856ED20E874FB00D653B6 /* Info.plist */ = {isa = PBXFileReference; lastKnownFileType = text.plist.xml; path = Info.plist; sourceTree = "<group>"; };
		ECD856F520E87BCB00D653B6 /* Winner.atlas */ = {isa = PBXFileReference; lastKnownFileType = folder.skatlas; path = Winner.atlas; sourceTree = "<group>"; };
/* End PBXFileReference section */

/* Begin PBXFrameworksBuildPhase section */
		ECD856D520E874F700D653B6 /* Frameworks */ = {
			isa = PBXFrameworksBuildPhase;
			buildActionMask = 2147483647;
			files = (
			);
			runOnlyForDeploymentPostprocessing = 0;
		};
/* End PBXFrameworksBuildPhase section */

/* Begin PBXGroup section */
		ECD856CF20E874F700D653B6 = {
			isa = PBXGroup;
			children = (
				ECD856DA20E874F700D653B6 /* ANIMATION */,
				ECD856D920E874F700D653B6 /* Products */,
			);
			sourceTree = "<group>";
		};
		ECD856D920E874F700D653B6 /* Products */ = {
			isa = PBXGroup;
			children = (
				ECD856D820E874F700D653B6 /* ANIMATION.app */,
			);
			name = Products;
			sourceTree = "<group>";
		};
		ECD856DA20E874F700D653B6 /* ANIMATION */ = {
			isa = PBXGroup;
			children = (
				ECD856F520E87BCB00D653B6 /* Winner.atlas */,
				ECD856DB20E874F700D653B6 /* AppDelegate.swift */,
				ECD856DD20E874F700D653B6 /* GameScene.sks */,
				ECD856DF20E874F700D653B6 /* Actions.sks */,
				ECD856E120E874F700D653B6 /* GameScene.swift */,
				ECD856E320E874F700D653B6 /* GameViewController.swift */,
				ECD856E520E874F700D653B6 /* Main.storyboard */,
				ECD856E820E874FB00D653B6 /* Assets.xcassets */,
				ECD856EA20E874FB00D653B6 /* LaunchScreen.storyboard */,
				ECD856ED20E874FB00D653B6 /* Info.plist */,
			);
			path = ANIMATION;
			sourceTree = "<group>";
		};
/* End PBXGroup section */

/* Begin PBXNativeTarget section */
		ECD856D720E874F700D653B6 /* ANIMATION */ = {
			isa = PBXNativeTarget;
			buildConfigurationList = ECD856F020E874FB00D653B6 /* Build configuration list for PBXNativeTarget "ANIMATION" */;
			buildPhases = (
				ECD856D420E874F700D653B6 /* Sources */,
				ECD856D520E874F700D653B6 /* Frameworks */,
				ECD856D620E874F700D653B6 /* Resources */,
			);
			buildRules = (
			);
			dependencies = (
			);
			name = ANIMATION;
			productName = ANIMATION;
			productReference = ECD856D820E874F700D653B6 /* ANIMATION.app */;
			productType = "com.apple.product-type.application";
		};
/* End PBXNativeTarget section */

/* Begin PBXProject section */
		ECD856D020E874F700D653B6 /* Project object */ = {
			isa = PBXProject;
			attributes = {
				LastSwiftUpdateCheck = 0940;
				LastUpgradeCheck = 0940;
				ORGANIZATIONNAME = "Azizur Rahman";
				TargetAttributes = {
					ECD856D720E874F700D653B6 = {
						CreatedOnToolsVersion = 9.4.1;
					};
				};
			};
			buildConfigurationList = ECD856D320E874F700D653B6 /* Build configuration list for PBXProject "ANIMATION" */;
			compatibilityVersion = "Xcode 9.3";
			developmentRegion = en;
			hasScannedForEncodings = 0;
			knownRegions = (
				en,
				Base,
			);
			mainGroup = ECD856CF20E874F700D653B6;
			productRefGroup = ECD856D920E874F700D653B6 /* Products */;
			projectDirPath = "";
			projectRoot = "";
			targets = (
				ECD856D720E874F700D653B6 /* ANIMATION */,
			);
		};
/* End PBXProject section */

/* Begin PBXResourcesBuildPhase section */
		ECD856D620E874F700D653B6 /* Resources */ = {
			isa = PBXResourcesBuildPhase;
			buildActionMask = 2147483647;
			files = (
				ECD856F620E87BCB00D653B6 /* Winner.atlas in Resources */,
				ECD856E720E874F700D653B6 /* Main.storyboard in Resources */,
				ECD856DE20E874F700D653B6 /* GameScene.sks in Resources */,
				ECD856E920E874FB00D653B6 /* Assets.xcassets in Resources */,
				ECD856EC20E874FB00D653B6 /* LaunchScreen.storyboard in Resources */,
				ECD856E020E874F700D653B6 /* Actions.sks in Resources */,
			);
			runOnlyForDeploymentPostprocessing = 0;
		};
/* End PBXResourcesBuildPhase section */

/* Begin PBXSourcesBuildPhase section */
		ECD856D420E874F700D653B6 /* Sources */ = {
			isa = PBXSourcesBuildPhase;
			buildActionMask = 2147483647;
			files = (
				ECD856E220E874F700D653B6 /* GameScene.swift in Sources */,
				ECD856E420E874F700D653B6 /* GameViewController.swift in Sources */,
				ECD856DC20E874F700D653B6 /* AppDelegate.swift in Sources */,
			);
			runOnlyForDeploymentPostprocessing = 0;
		};
/* End PBXSourcesBuildPhase section */

/* Begin PBXVariantGroup section */
		ECD856E520E874F700D653B6 /* Main.storyboard */ = {
			isa = PBXVariantGroup;
			children = (
				ECD856E620E874F700D653B6 /* Base */,
			);
			name = Main.storyboard;
			sourceTree = "<group>";
		};
		ECD856EA20E874FB00D653B6 /* LaunchScreen.storyboard */ = {
			isa = PBXVariantGroup;
			children = (
				ECD856EB20E874FB00D653B6 /* Base */,
			);
			name = LaunchScreen.storyboard;
			sourceTree = "<group>";
		};
/* End PBXVariantGroup section */

/* Begin XCBuildConfiguration section */
		ECD856EE20E874FB00D653B6 /* Debug */ = {
			isa = XCBuildConfiguration;
			buildSettings = {
				ALWAYS_SEARCH_USER_PATHS = NO;
				CLANG_ANALYZER_NONNULL = YES;
				CLANG_ANALYZER_NUMBER_OBJECT_CONVERSION = YES_AGGRESSIVE;
				CLANG_CXX_LANGUAGE_STANDARD = "gnu++14";
				CLANG_CXX_LIBRARY = "libc++";
				CLANG_ENABLE_MODULES = YES;
				CLANG_ENABLE_OBJC_ARC = YES;
				CLANG_ENABLE_OBJC_WEAK = YES;
				CLANG_WARN_BLOCK_CAPTURE_AUTORELEASING = YES;
				CLANG_WARN_BOOL_CONVERSION = YES;
				CLANG_WARN_COMMA = YES;
				CLANG_WARN_CONSTANT_CONVERSION = YES;
				CLANG_WARN_DEPRECATED_OBJC_IMPLEMENTATIONS = YES;
				CLANG_WARN_DIRECT_OBJC_ISA_USAGE = YES_ERROR;
				CLANG_WARN_DOCUMENTATION_COMMENTS = YES;
				CLANG_WARN_EMPTY_BODY = YES;
				CLANG_WARN_ENUM_CONVERSION = YES;
				CLANG_WARN_INFINITE_RECURSION = YES;
				CLANG_WARN_INT_CONVERSION = YES;
				CLANG_WARN_NON_LITERAL_NULL_CONVERSION = YES;
				CLANG_WARN_OBJC_IMPLICIT_RETAIN_SELF = YES;
				CLANG_WARN_OBJC_LITERAL_CONVERSION = YES;
				CLANG_WARN_OBJC_ROOT_CLASS = YES_ERROR;
				CLANG_WARN_RANGE_LOOP_ANALYSIS = YES;
				CLANG_WARN_STRICT_PROTOTYPES = YES;
				CLANG_WARN_SUSPICIOUS_MOVE = YES;
				CLANG_WARN_UNGUARDED_AVAILABILITY = YES_AGGRESSIVE;
				CLANG_WARN_UNREACHABLE_CODE = YES;
				CLANG_WARN__DUPLICATE_METHOD_MATCH = YES;
				CODE_SIGN_IDENTITY = "iPhone Developer";
				COPY_PHASE_STRIP = NO;
				DEBUG_INFORMATION_FORMAT = dwarf;
				ENABLE_STRICT_OBJC_MSGSEND = YES;
				ENABLE_TESTABILITY = YES;
				GCC_C_LANGUAGE_STANDARD = gnu11;
				GCC_DYNAMIC_NO_PIC = NO;
				GCC_NO_COMMON_BLOCKS = YES;
				GCC_OPTIMIZATION_LEVEL = 0;
				GCC_PREPROCESSOR_DEFINITIONS = (
					"DEBUG=1",
					"$(inherited)",
				);
				GCC_WARN_64_TO_32_BIT_CONVERSION = YES;
				GCC_WARN_ABOUT_RETURN_TYPE = YES_ERROR;
				GCC_WARN_UNDECLARED_SELECTOR = YES;
				GCC_WARN_UNINITIALIZED_AUTOS = YES_AGGRESSIVE;
				GCC_WARN_UNUSED_FUNCTION = YES;
				GCC_WARN_UNUSED_VARIABLE = YES;
				IPHONEOS_DEPLOYMENT_TARGET = 11.4;
				MTL_ENABLE_DEBUG_INFO = YES;
				ONLY_ACTIVE_ARCH = YES;
				SDKROOT = iphoneos;
				SWIFT_ACTIVE_COMPILATION_CONDITIONS = DEBUG;
				SWIFT_OPTIMIZATION_LEVEL = "-Onone";
			};
			name = Debug;
		};
		ECD856EF20E874FB00D653B6 /* Release */ = {
			isa = XCBuildConfiguration;
			buildSettings = {
				ALWAYS_SEARCH_USER_PATHS = NO;
				CLANG_ANALYZER_NONNULL = YES;
				CLANG_ANALYZER_NUMBER_OBJECT_CONVERSION = YES_AGGRESSIVE;
				CLANG_CXX_LANGUAGE_STANDARD = "gnu++14";
				CLANG_CXX_LIBRARY = "libc++";
				CLANG_ENABLE_MODULES = YES;
				CLANG_ENABLE_OBJC_ARC = YES;
				CLANG_ENABLE_OBJC_WEAK = YES;
				CLANG_WARN_BLOCK_CAPTURE_AUTORELEASING = YES;
				CLANG_WARN_BOOL_CONVERSION = YES;
				CLANG_WARN_COMMA = YES;
				CLANG_WARN_CONSTANT_CONVERSION = YES;
				CLANG_WARN_DEPRECATED_OBJC_IMPLEMENTATIONS = YES;
				CLANG_WARN_DIRECT_OBJC_ISA_USAGE = YES_ERROR;
				CLANG_WARN_DOCUMENTATION_COMMENTS = YES;
				CLANG_WARN_EMPTY_BODY = YES;
				CLANG_WARN_ENUM_CONVERSION = YES;
				CLANG_WARN_INFINITE_RECURSION = YES;
				CLANG_WARN_INT_CONVERSION = YES;
				CLANG_WARN_NON_LITERAL_NULL_CONVERSION = YES;
				CLANG_WARN_OBJC_IMPLICIT_RETAIN_SELF = YES;
				CLANG_WARN_OBJC_LITERAL_CONVERSION = YES;
				CLANG_WARN_OBJC_ROOT_CLASS = YES_ERROR;
				CLANG_WARN_RANGE_LOOP_ANALYSIS = YES;
				CLANG_WARN_STRICT_PROTOTYPES = YES;
				CLANG_WARN_SUSPICIOUS_MOVE = YES;
				CLANG_WARN_UNGUARDED_AVAILABILITY = YES_AGGRESSIVE;
				CLANG_WARN_UNREACHABLE_CODE = YES;
				CLANG_WARN__DUPLICATE_METHOD_MATCH = YES;
				CODE_SIGN_IDENTITY = "iPhone Developer";
				COPY_PHASE_STRIP = NO;
				DEBUG_INFORMATION_FORMAT = "dwarf-with-dsym";
				ENABLE_NS_ASSERTIONS = NO;
				ENABLE_STRICT_OBJC_MSGSEND = YES;
				GCC_C_LANGUAGE_STANDARD = gnu11;
				GCC_NO_COMMON_BLOCKS = YES;
				GCC_WARN_64_TO_32_BIT_CONVERSION = YES;
				GCC_WARN_ABOUT_RETURN_TYPE = YES_ERROR;
				GCC_WARN_UNDECLARED_SELECTOR = YES;
				GCC_WARN_UNINITIALIZED_AUTOS = YES_AGGRESSIVE;
				GCC_WARN_UNUSED_FUNCTION = YES;
				GCC_WARN_UNUSED_VARIABLE = YES;
				IPHONEOS_DEPLOYMENT_TARGET = 11.4;
				MTL_ENABLE_DEBUG_INFO = NO;
				SDKROOT = iphoneos;
				SWIFT_COMPILATION_MODE = wholemodule;
				SWIFT_OPTIMIZATION_LEVEL = "-O";
				VALIDATE_PRODUCT = YES;
			};
			name = Release;
		};
		ECD856F120E874FB00D653B6 /* Debug */ = {
			isa = XCBuildConfiguration;
			buildSettings = {
				ASSETCATALOG_COMPILER_APPICON_NAME = AppIcon;
				CODE_SIGN_STYLE = Automatic;
				INFOPLIST_FILE = ANIMATION/Info.plist;
				LD_RUNPATH_SEARCH_PATHS = (
					"$(inherited)",
					"@executable_path/Frameworks",
				);
				PRODUCT_BUNDLE_IDENTIFIER = com.bs.ANIMATION;
				PRODUCT_NAME = "$(TARGET_NAME)";
				SWIFT_VERSION = 4.0;
				TARGETED_DEVICE_FAMILY = "1,2";
			};
			name = Debug;
		};
		ECD856F220E874FB00D653B6 /* Release */ = {
			isa = XCBuildConfiguration;
			buildSettings = {
				ASSETCATALOG_COMPILER_APPICON_NAME = AppIcon;
				CODE_SIGN_STYLE = Automatic;
				INFOPLIST_FILE = ANIMATION/Info.plist;
				LD_RUNPATH_SEARCH_PATHS = (
					"$(inherited)",
					"@executable_path/Frameworks",
				);
				PRODUCT_BUNDLE_IDENTIFIER = com.bs.ANIMATION;
				PRODUCT_NAME = "$(TARGET_NAME)";
				SWIFT_VERSION = 4.0;
				TARGETED_DEVICE_FAMILY = "1,2";
			};
			name = Release;
		};
/* End XCBuildConfiguration section */

/* Begin XCConfigurationList section */
		ECD856D320E874F700D653B6 /* Build configuration list for PBXProject "ANIMATION" */ = {
			isa = XCConfigurationList;
			buildConfigurations = (
				ECD856EE20E874FB00D653B6 /* Debug */,
				ECD856EF20E874FB00D653B6 /* Release */,
			);
			defaultConfigurationIsVisible = 0;
			defaultConfigurationName = Release;
		};
		ECD856F020E874FB00D653B6 /* Build configuration list for PBXNativeTarget "ANIMATION" */ = {
			isa = XCConfigurationList;
			buildConfigurations = (
				ECD856F120E874FB00D653B6 /* Debug */,
				ECD856F220E874FB00D653B6 /* Release */,
			);
			defaultConfigurationIsVisible = 0;
			defaultConfigurationName = Release;
		};
/* End XCConfigurationList section */
	};
	rootObject = ECD856D020E874F700D653B6 /* Project object */;
}
